
Microsoft Visual Studio Solution File, Format Version 12.00
# Visual Studio Version 17
VisualStudioVersion = 17.6.33829.357
MinimumVisualStudioVersion = 10.0.40219.1
Project("{9A19103F-16F7-4668-BE54-9A1E7A4F7556}") = "WebApi", "WebApi\WebApi.csproj", "{FE628C38-66FE-4404-91A2-EF55086520AC}"
EndProject
Project("{2150E333-8FDC-42A3-9474-1A3956D46DE8}") = "Application", "Application", "{CEB62D96-1853-4ECB-B0F7-0FFFCD009F9A}"
EndProject
Project("{2150E333-8FDC-42A3-9474-1A3956D46DE8}") = "Domain", "Domain", "{AE9E968F-BCBF-4E02-A113-86D374734FEA}"
EndProject
Project("{2150E333-8FDC-42A3-9474-1A3956D46DE8}") = "Infraestructure", "Infraestructure", "{E690FAA0-FF96-4EE4-ADB1-B7902C5D99B6}"
EndProject
Project("{2150E333-8FDC-42A3-9474-1A3956D46DE8}") = "Shared", "Shared", "{B672FF7F-50F7-426C-BA57-8EABDBF0007A}"
EndProject
Project("{9A19103F-16F7-4668-BE54-9A1E7A4F7556}") = "Domain", "Domain\Domain.csproj", "{B82CF249-23BE-4348-8FC2-E8FF822480B3}"
EndProject
Project("{9A19103F-16F7-4668-BE54-9A1E7A4F7556}") = "Infra.Database", "Infra.Database\Infra.Database.csproj", "{E9F7701E-65C0-4AFF-A5E3-86E2D6723646}"
EndProject
Project("{9A19103F-16F7-4668-BE54-9A1E7A4F7556}") = "Shared", "Shared\Shared.csproj", "{93F8D044-52EA-49E5-836C-E5785E5AC0A6}"
EndProject
Project("{2150E333-8FDC-42A3-9474-1A3956D46DE8}") = "Tests", "Tests", "{24DF19BA-6230-44C9-BB11-F1F46ED5F464}"
EndProject
Project("{9A19103F-16F7-4668-BE54-9A1E7A4F7556}") = "Domain.Tests", "Domain.Tests\Domain.Tests.csproj", "{E8E24024-A35B-4F8D-BE5E-5E7C6C8B23A2}"
EndProject
Project("{9A19103F-16F7-4668-BE54-9A1E7A4F7556}") = "Infra.Database.Tests", "Infra.Database.Tests\Infra.Database.Tests.csproj", "{0F5BA929-ABFE-4403-937A-D136109B0453}"
EndProject
Project("{9A19103F-16F7-4668-BE54-9A1E7A4F7556}") = "Infra.DI", "Infra.DI\Infra.DI.csproj", "{11CBDBD7-802B-4548-A513-6ED1E1436924}"
EndProject
Project("{9A19103F-16F7-4668-BE54-9A1E7A4F7556}") = "Application.Mapper", "Infra.Mapper\Application.Mapper.csproj", "{6EEF1522-0B5B-4F0E-87BE-2DDD04D637DE}"
EndProject
Project("{FAE04EC0-301F-11D3-BF4B-00C04F79EFBC}") = "Infra.Robots", "Infra.Robots\Infra.Robots.csproj", "{8F68D000-895D-4808-8616-2878449779AE}"
EndProject
Project("{FAE04EC0-301F-11D3-BF4B-00C04F79EFBC}") = "Application", "Application\Application.csproj", "{0492EC6F-C1F3-41AB-95C3-06BF5E59AF20}"
EndProject
Project("{2150E333-8FDC-42A3-9474-1A3956D46DE8}") = "WebApi", "WebApi", "{4CF779F2-5603-46C6-A222-0023A0F8A426}"
EndProject
Project("{FAE04EC0-301F-11D3-BF4B-00C04F79EFBC}") = "Application.Tests", "Application.Tests\Application.Tests.csproj", "{F3077B32-5591-478D-8B20-E93B6F149828}"
EndProject
Project("{FAE04EC0-301F-11D3-BF4B-00C04F79EFBC}") = "Infra.RecurringJobs", "Application.RecurringJobs\Infra.RecurringJobs.csproj", "{5A8E8845-1246-418E-AB17-A9D2606FFC9C}"
EndProject
Project("{FAE04EC0-301F-11D3-BF4B-00C04F79EFBC}") = "Infra.Robots.Tests", "Infra.Robots.Tests\Infra.Robots.Tests.csproj", "{FD80EE53-0791-4BE7-B5DA-B1D02D5B421E}"
EndProject
Project("{FAE04EC0-301F-11D3-BF4B-00C04F79EFBC}") = "Infra.Migrations", "Infra.Migrations\Infra.Migrations.csproj", "{2AB3844E-42C2-4CD1-9B9B-1BCEB96D3DA7}"
EndProject
Project("{FAE04EC0-301F-11D3-BF4B-00C04F79EFBC}") = "Infra.Integrations", "Infra.Integrations\Infra.Integrations.csproj", "{6C959B48-06FC-49A0-B0C8-D998CF13D4E9}"
EndProject
Global
	GlobalSection(SolutionConfigurationPlatforms) = preSolution
		Debug|Any CPU = Debug|Any CPU
		Release|Any CPU = Release|Any CPU
	EndGlobalSection
	GlobalSection(ProjectConfigurationPlatforms) = postSolution
		{FE628C38-66FE-4404-91A2-EF55086520AC}.Debug|Any CPU.ActiveCfg = Debug|Any CPU
		{FE628C38-66FE-4404-91A2-EF55086520AC}.Debug|Any CPU.Build.0 = Debug|Any CPU
		{FE628C38-66FE-4404-91A2-EF55086520AC}.Release|Any CPU.ActiveCfg = Release|Any CPU
		{FE628C38-66FE-4404-91A2-EF55086520AC}.Release|Any CPU.Build.0 = Release|Any CPU
		{B82CF249-23BE-4348-8FC2-E8FF822480B3}.Debug|Any CPU.ActiveCfg = Debug|Any CPU
		{B82CF249-23BE-4348-8FC2-E8FF822480B3}.Debug|Any CPU.Build.0 = Debug|Any CPU
		{B82CF249-23BE-4348-8FC2-E8FF822480B3}.Release|Any CPU.ActiveCfg = Release|Any CPU
		{B82CF249-23BE-4348-8FC2-E8FF822480B3}.Release|Any CPU.Build.0 = Release|Any CPU
		{E9F7701E-65C0-4AFF-A5E3-86E2D6723646}.Debug|Any CPU.ActiveCfg = Debug|Any CPU
		{E9F7701E-65C0-4AFF-A5E3-86E2D6723646}.Debug|Any CPU.Build.0 = Debug|Any CPU
		{E9F7701E-65C0-4AFF-A5E3-86E2D6723646}.Release|Any CPU.ActiveCfg = Release|Any CPU
		{E9F7701E-65C0-4AFF-A5E3-86E2D6723646}.Release|Any CPU.Build.0 = Release|Any CPU
		{93F8D044-52EA-49E5-836C-E5785E5AC0A6}.Debug|Any CPU.ActiveCfg = Debug|Any CPU
		{93F8D044-52EA-49E5-836C-E5785E5AC0A6}.Debug|Any CPU.Build.0 = Debug|Any CPU
		{93F8D044-52EA-49E5-836C-E5785E5AC0A6}.Release|Any CPU.ActiveCfg = Release|Any CPU
		{93F8D044-52EA-49E5-836C-E5785E5AC0A6}.Release|Any CPU.Build.0 = Release|Any CPU
		{E8E24024-A35B-4F8D-BE5E-5E7C6C8B23A2}.Debug|Any CPU.ActiveCfg = Debug|Any CPU
		{E8E24024-A35B-4F8D-BE5E-5E7C6C8B23A2}.Debug|Any CPU.Build.0 = Debug|Any CPU
		{E8E24024-A35B-4F8D-BE5E-5E7C6C8B23A2}.Release|Any CPU.ActiveCfg = Release|Any CPU
		{E8E24024-A35B-4F8D-BE5E-5E7C6C8B23A2}.Release|Any CPU.Build.0 = Release|Any CPU
		{0F5BA929-ABFE-4403-937A-D136109B0453}.Debug|Any CPU.ActiveCfg = Debug|Any CPU
		{0F5BA929-ABFE-4403-937A-D136109B0453}.Debug|Any CPU.Build.0 = Debug|Any CPU
		{0F5BA929-ABFE-4403-937A-D136109B0453}.Release|Any CPU.ActiveCfg = Release|Any CPU
		{0F5BA929-ABFE-4403-937A-D136109B0453}.Release|Any CPU.Build.0 = Release|Any CPU
		{11CBDBD7-802B-4548-A513-6ED1E1436924}.Debug|Any CPU.ActiveCfg = Debug|Any CPU
		{11CBDBD7-802B-4548-A513-6ED1E1436924}.Debug|Any CPU.Build.0 = Debug|Any CPU
		{11CBDBD7-802B-4548-A513-6ED1E1436924}.Release|Any CPU.ActiveCfg = Release|Any CPU
		{11CBDBD7-802B-4548-A513-6ED1E1436924}.Release|Any CPU.Build.0 = Release|Any CPU
		{6EEF1522-0B5B-4F0E-87BE-2DDD04D637DE}.Debug|Any CPU.ActiveCfg = Debug|Any CPU
		{6EEF1522-0B5B-4F0E-87BE-2DDD04D637DE}.Debug|Any CPU.Build.0 = Debug|Any CPU
		{6EEF1522-0B5B-4F0E-87BE-2DDD04D637DE}.Release|Any CPU.ActiveCfg = Release|Any CPU
		{6EEF1522-0B5B-4F0E-87BE-2DDD04D637DE}.Release|Any CPU.Build.0 = Release|Any CPU
		{8F68D000-895D-4808-8616-2878449779AE}.Debug|Any CPU.ActiveCfg = Debug|Any CPU
		{8F68D000-895D-4808-8616-2878449779AE}.Debug|Any CPU.Build.0 = Debug|Any CPU
		{8F68D000-895D-4808-8616-2878449779AE}.Release|Any CPU.ActiveCfg = Release|Any CPU
		{8F68D000-895D-4808-8616-2878449779AE}.Release|Any CPU.Build.0 = Release|Any CPU
		{0492EC6F-C1F3-41AB-95C3-06BF5E59AF20}.Debug|Any CPU.ActiveCfg = Debug|Any CPU
		{0492EC6F-C1F3-41AB-95C3-06BF5E59AF20}.Debug|Any CPU.Build.0 = Debug|Any CPU
		{0492EC6F-C1F3-41AB-95C3-06BF5E59AF20}.Release|Any CPU.ActiveCfg = Release|Any CPU
		{0492EC6F-C1F3-41AB-95C3-06BF5E59AF20}.Release|Any CPU.Build.0 = Release|Any CPU
		{F3077B32-5591-478D-8B20-E93B6F149828}.Debug|Any CPU.ActiveCfg = Debug|Any CPU
		{F3077B32-5591-478D-8B20-E93B6F149828}.Debug|Any CPU.Build.0 = Debug|Any CPU
		{F3077B32-5591-478D-8B20-E93B6F149828}.Release|Any CPU.ActiveCfg = Release|Any CPU
		{F3077B32-5591-478D-8B20-E93B6F149828}.Release|Any CPU.Build.0 = Release|Any CPU
		{5A8E8845-1246-418E-AB17-A9D2606FFC9C}.Debug|Any CPU.ActiveCfg = Debug|Any CPU
		{5A8E8845-1246-418E-AB17-A9D2606FFC9C}.Debug|Any CPU.Build.0 = Debug|Any CPU
		{5A8E8845-1246-418E-AB17-A9D2606FFC9C}.Release|Any CPU.ActiveCfg = Release|Any CPU
		{5A8E8845-1246-418E-AB17-A9D2606FFC9C}.Release|Any CPU.Build.0 = Release|Any CPU
		{FD80EE53-0791-4BE7-B5DA-B1D02D5B421E}.Debug|Any CPU.ActiveCfg = Debug|Any CPU
		{FD80EE53-0791-4BE7-B5DA-B1D02D5B421E}.Debug|Any CPU.Build.0 = Debug|Any CPU
		{FD80EE53-0791-4BE7-B5DA-B1D02D5B421E}.Release|Any CPU.ActiveCfg = Release|Any CPU
		{FD80EE53-0791-4BE7-B5DA-B1D02D5B421E}.Release|Any CPU.Build.0 = Release|Any CPU
		{2AB3844E-42C2-4CD1-9B9B-1BCEB96D3DA7}.Debug|Any CPU.ActiveCfg = Debug|Any CPU
		{2AB3844E-42C2-4CD1-9B9B-1BCEB96D3DA7}.Debug|Any CPU.Build.0 = Debug|Any CPU
		{2AB3844E-42C2-4CD1-9B9B-1BCEB96D3DA7}.Release|Any CPU.ActiveCfg = Release|Any CPU
		{2AB3844E-42C2-4CD1-9B9B-1BCEB96D3DA7}.Release|Any CPU.Build.0 = Release|Any CPU
		{6C959B48-06FC-49A0-B0C8-D998CF13D4E9}.Debug|Any CPU.ActiveCfg = Debug|Any CPU
		{6C959B48-06FC-49A0-B0C8-D998CF13D4E9}.Debug|Any CPU.Build.0 = Debug|Any CPU
		{6C959B48-06FC-49A0-B0C8-D998CF13D4E9}.Release|Any CPU.ActiveCfg = Release|Any CPU
		{6C959B48-06FC-49A0-B0C8-D998CF13D4E9}.Release|Any CPU.Build.0 = Release|Any CPU
	EndGlobalSection
	GlobalSection(SolutionProperties) = preSolution
		HideSolutionNode = FALSE
	EndGlobalSection
	GlobalSection(NestedProjects) = preSolution
		{FE628C38-66FE-4404-91A2-EF55086520AC} = {4CF779F2-5603-46C6-A222-0023A0F8A426}
		{B82CF249-23BE-4348-8FC2-E8FF822480B3} = {AE9E968F-BCBF-4E02-A113-86D374734FEA}
		{E9F7701E-65C0-4AFF-A5E3-86E2D6723646} = {E690FAA0-FF96-4EE4-ADB1-B7902C5D99B6}
		{93F8D044-52EA-49E5-836C-E5785E5AC0A6} = {B672FF7F-50F7-426C-BA57-8EABDBF0007A}
		{E8E24024-A35B-4F8D-BE5E-5E7C6C8B23A2} = {24DF19BA-6230-44C9-BB11-F1F46ED5F464}
		{0F5BA929-ABFE-4403-937A-D136109B0453} = {24DF19BA-6230-44C9-BB11-F1F46ED5F464}
		{11CBDBD7-802B-4548-A513-6ED1E1436924} = {E690FAA0-FF96-4EE4-ADB1-B7902C5D99B6}
		{6EEF1522-0B5B-4F0E-87BE-2DDD04D637DE} = {CEB62D96-1853-4ECB-B0F7-0FFFCD009F9A}
		{8F68D000-895D-4808-8616-2878449779AE} = {E690FAA0-FF96-4EE4-ADB1-B7902C5D99B6}
		{0492EC6F-C1F3-41AB-95C3-06BF5E59AF20} = {CEB62D96-1853-4ECB-B0F7-0FFFCD009F9A}
		{F3077B32-5591-478D-8B20-E93B6F149828} = {24DF19BA-6230-44C9-BB11-F1F46ED5F464}
		{5A8E8845-1246-418E-AB17-A9D2606FFC9C} = {E690FAA0-FF96-4EE4-ADB1-B7902C5D99B6}
		{FD80EE53-0791-4BE7-B5DA-B1D02D5B421E} = {24DF19BA-6230-44C9-BB11-F1F46ED5F464}
		{2AB3844E-42C2-4CD1-9B9B-1BCEB96D3DA7} = {E690FAA0-FF96-4EE4-ADB1-B7902C5D99B6}
		{6C959B48-06FC-49A0-B0C8-D998CF13D4E9} = {E690FAA0-FF96-4EE4-ADB1-B7902C5D99B6}
	EndGlobalSection
	GlobalSection(ExtensibilityGlobals) = postSolution
		SolutionGuid = {DF451B4F-E0F5-4CFE-854C-95D4D030A3C3}
	EndGlobalSection
EndGlobal
